
Microsoft Visual Studio Solution File, Format Version 12.00
# Visual Studio 15
VisualStudioVersion = 15.0.28010.0
MinimumVisualStudioVersion = 10.0.40219.1
Project("{FAE04EC0-301F-11D3-BF4B-00C04F79EFBC}") = "RVNLMIS", "RVNLMIS\RVNLMIS.csproj", "{D63C28E0-326B-4512-B2E5-B561F52C7DC4}"
EndProject
Global
	GlobalSection(SolutionConfigurationPlatforms) = preSolution
		Debug|Any CPU = Debug|Any CPU
		Release|Any CPU = Release|Any CPU
	EndGlobalSection
	GlobalSection(ProjectConfigurationPlatforms) = postSolution
		{D63C28E0-326B-4512-B2E5-B561F52C7DC4}.Debug|Any CPU.ActiveCfg = Debug|Any CPU
		{D63C28E0-326B-4512-B2E5-B561F52C7DC4}.Debug|Any CPU.Build.0 = Debug|Any CPU
		{D63C28E0-326B-4512-B2E5-B561F52C7DC4}.Release|Any CPU.ActiveCfg = Release|Any CPU
		{D63C28E0-326B-4512-B2E5-B561F52C7DC4}.Release|Any CPU.Build.0 = Release|Any CPU
	EndGlobalSection
	GlobalSection(SolutionProperties) = preSolution
		HideSolutionNode = FALSE
	EndGlobalSection
	GlobalSection(ExtensibilityGlobals) = postSolution
		SolutionGuid = {1A88CCCE-902D-4E3F-B955-BDD0F21D0144}
	EndGlobalSection
EndGlobal
